
Microsoft Visual Studio Solution File, Format Version 12.00
# Visual Studio 14
VisualStudioVersion = 14.0.25123.0
MinimumVisualStudioVersion = 10.0.40219.1
Project("{FAE04EC0-301F-11D3-BF4B-00C04F79EFBC}") = "UpdateChecker", "UpdateChecker\UpdateChecker.csproj", "{620A87F1-9E14-496C-AFBF-2E4CC785C27A}"
EndProject
Project("{FAE04EC0-301F-11D3-BF4B-00C04F79EFBC}") = "UpdateChecker.Lib", "UpdateChecker.Lib\UpdateChecker.Lib.csproj", "{405EB2E9-8E43-401F-A71F-900CEDB01B9E}"
EndProject
Project("{2150E333-8FDC-42A3-9474-1A3956D46DE8}") = "Solution Items", "Solution Items", "{A3D68EC5-873B-4928-BDC2-FD68ADC6D932}"
	ProjectSection(SolutionItems) = preProject
		README.MD = README.MD
	EndProjectSection
EndProject
Global
	GlobalSection(SolutionConfigurationPlatforms) = preSolution
		Debug|Any CPU = Debug|Any CPU
		Release|Any CPU = Release|Any CPU
	EndGlobalSection
	GlobalSection(ProjectConfigurationPlatforms) = postSolution
		{620A87F1-9E14-496C-AFBF-2E4CC785C27A}.Debug|Any CPU.ActiveCfg = Debug|Any CPU
		{620A87F1-9E14-496C-AFBF-2E4CC785C27A}.Debug|Any CPU.Build.0 = Debug|Any CPU
		{620A87F1-9E14-496C-AFBF-2E4CC785C27A}.Release|Any CPU.ActiveCfg = Release|Any CPU
		{620A87F1-9E14-496C-AFBF-2E4CC785C27A}.Release|Any CPU.Build.0 = Release|Any CPU
		{405EB2E9-8E43-401F-A71F-900CEDB01B9E}.Debug|Any CPU.ActiveCfg = Debug|Any CPU
		{405EB2E9-8E43-401F-A71F-900CEDB01B9E}.Debug|Any CPU.Build.0 = Debug|Any CPU
		{405EB2E9-8E43-401F-A71F-900CEDB01B9E}.Release|Any CPU.ActiveCfg = Release|Any CPU
		{405EB2E9-8E43-401F-A71F-900CEDB01B9E}.Release|Any CPU.Build.0 = Release|Any CPU
	EndGlobalSection
	GlobalSection(SolutionProperties) = preSolution
		HideSolutionNode = FALSE
	EndGlobalSection
EndGlobal
